// !$*UTF8*$!
{
	archiveVersion = 1;
	classes = {
	};
	objectVersion = 55;
	objects = {

/* Begin PBXBuildFile section */
		21304D8A27687232008F3F9F /* MenuBar.swift in Sources */ = {isa = PBXBuildFile; fileRef = 21304D8927687232008F3F9F /* MenuBar.swift */; };
		21304D8B27687232008F3F9F /* MenuBar.swift in Sources */ = {isa = PBXBuildFile; fileRef = 21304D8927687232008F3F9F /* MenuBar.swift */; };
		21304D8D27687A5B008F3F9F /* Frame1605.swift in Sources */ = {isa = PBXBuildFile; fileRef = 21304D8C27687A5B008F3F9F /* Frame1605.swift */; };
		21304D8E27687A5B008F3F9F /* Frame1605.swift in Sources */ = {isa = PBXBuildFile; fileRef = 21304D8C27687A5B008F3F9F /* Frame1605.swift */; };
		21304D9027688304008F3F9F /* Tertiary.swift in Sources */ = {isa = PBXBuildFile; fileRef = 21304D8F27688304008F3F9F /* Tertiary.swift */; };
		21304D9127688304008F3F9F /* Tertiary.swift in Sources */ = {isa = PBXBuildFile; fileRef = 21304D8F27688304008F3F9F /* Tertiary.swift */; };
		21304D9327689777008F3F9F /* Community.swift in Sources */ = {isa = PBXBuildFile; fileRef = 21304D9227689776008F3F9F /* Community.swift */; };
		21304D9427689777008F3F9F /* Community.swift in Sources */ = {isa = PBXBuildFile; fileRef = 21304D9227689776008F3F9F /* Community.swift */; };
		2167989C276ADAED00C41BAA /* CheckboxContent.swift in Sources */ = {isa = PBXBuildFile; fileRef = 2167989B276ADAED00C41BAA /* CheckboxContent.swift */; };
		2167989D276ADAED00C41BAA /* CheckboxContent.swift in Sources */ = {isa = PBXBuildFile; fileRef = 2167989B276ADAED00C41BAA /* CheckboxContent.swift */; };
		2167989F276AECD700C41BAA /* SelectImage.swift in Sources */ = {isa = PBXBuildFile; fileRef = 2167989E276AECD700C41BAA /* SelectImage.swift */; };
		216798A0276AECD700C41BAA /* SelectImage.swift in Sources */ = {isa = PBXBuildFile; fileRef = 2167989E276AECD700C41BAA /* SelectImage.swift */; };
		216798A2276AFF1B00C41BAA /* CheckBox.swift in Sources */ = {isa = PBXBuildFile; fileRef = 216798A1276AFF1B00C41BAA /* CheckBox.swift */; };
		216798A3276AFF1B00C41BAA /* CheckBox.swift in Sources */ = {isa = PBXBuildFile; fileRef = 216798A1276AFF1B00C41BAA /* CheckBox.swift */; };
		2169008D27701CB500A42588 /* Ideas.swift in Sources */ = {isa = PBXBuildFile; fileRef = 2169008C27701CB500A42588 /* Ideas.swift */; };
		2169008E27701CB500A42588 /* Ideas.swift in Sources */ = {isa = PBXBuildFile; fileRef = 2169008C27701CB500A42588 /* Ideas.swift */; };
		2169009327701CF900A42588 /* ViewModel.swift in Sources */ = {isa = PBXBuildFile; fileRef = 2169009227701CF900A42588 /* ViewModel.swift */; };
		2169009427701CF900A42588 /* ViewModel.swift in Sources */ = {isa = PBXBuildFile; fileRef = 2169009227701CF900A42588 /* ViewModel.swift */; };
		2169009627701F8C00A42588 /* MenuBarIdeas.swift in Sources */ = {isa = PBXBuildFile; fileRef = 2169009527701F8C00A42588 /* MenuBarIdeas.swift */; };
		2169009727701F8C00A42588 /* MenuBarIdeas.swift in Sources */ = {isa = PBXBuildFile; fileRef = 2169009527701F8C00A42588 /* MenuBarIdeas.swift */; };
		216900992770218000A42588 /* CommunityIdeas.swift in Sources */ = {isa = PBXBuildFile; fileRef = 216900982770218000A42588 /* CommunityIdeas.swift */; };
		2169009A2770218000A42588 /* CommunityIdeas.swift in Sources */ = {isa = PBXBuildFile; fileRef = 216900982770218000A42588 /* CommunityIdeas.swift */; };
		2169009D27702FB300A42588 /* View+Extension.swift in Sources */ = {isa = PBXBuildFile; fileRef = 2169009C27702FB300A42588 /* View+Extension.swift */; };
		2169009E27702FB300A42588 /* View+Extension.swift in Sources */ = {isa = PBXBuildFile; fileRef = 2169009C27702FB300A42588 /* View+Extension.swift */; };
		216900A027703DC300A42588 /* CardStock.swift in Sources */ = {isa = PBXBuildFile; fileRef = 2169009F27703DC300A42588 /* CardStock.swift */; };
		216900A127703DC300A42588 /* CardStock.swift in Sources */ = {isa = PBXBuildFile; fileRef = 2169009F27703DC300A42588 /* CardStock.swift */; };
		216AFA45276C79F9008FF46D /* IdeasCommunity.swift in Sources */ = {isa = PBXBuildFile; fileRef = 216AFA44276C79F9008FF46D /* IdeasCommunity.swift */; };
		216AFA46276C79F9008FF46D /* IdeasCommunity.swift in Sources */ = {isa = PBXBuildFile; fileRef = 216AFA44276C79F9008FF46D /* IdeasCommunity.swift */; };
		216AFA48276C7DD8008FF46D /* CardViewIdeas.swift in Sources */ = {isa = PBXBuildFile; fileRef = 216AFA47276C7DD8008FF46D /* CardViewIdeas.swift */; };
		216AFA49276C7DD8008FF46D /* CardViewIdeas.swift in Sources */ = {isa = PBXBuildFile; fileRef = 216AFA47276C7DD8008FF46D /* CardViewIdeas.swift */; };
		216AFA4B276C9AC6008FF46D /* CardIndex.swift in Sources */ = {isa = PBXBuildFile; fileRef = 216AFA4A276C9AC6008FF46D /* CardIndex.swift */; };
		216AFA4C276C9AC6008FF46D /* CardIndex.swift in Sources */ = {isa = PBXBuildFile; fileRef = 216AFA4A276C9AC6008FF46D /* CardIndex.swift */; };
		217A3612276983D800B1A5AF /* ActicleContent.swift in Sources */ = {isa = PBXBuildFile; fileRef = 217A3611276983D800B1A5AF /* ActicleContent.swift */; };
		217A3613276983D800B1A5AF /* ActicleContent.swift in Sources */ = {isa = PBXBuildFile; fileRef = 217A3611276983D800B1A5AF /* ActicleContent.swift */; };
		217A36152769A98A00B1A5AF /* ContentView2.swift in Sources */ = {isa = PBXBuildFile; fileRef = 217A36142769A98A00B1A5AF /* ContentView2.swift */; };
		217A36162769A98A00B1A5AF /* ContentView2.swift in Sources */ = {isa = PBXBuildFile; fileRef = 217A36142769A98A00B1A5AF /* ContentView2.swift */; };
		217A36182769C43600B1A5AF /* CommunityProfile.swift in Sources */ = {isa = PBXBuildFile; fileRef = 217A36172769C43600B1A5AF /* CommunityProfile.swift */; };
		217A36192769C43600B1A5AF /* CommunityProfile.swift in Sources */ = {isa = PBXBuildFile; fileRef = 217A36172769C43600B1A5AF /* CommunityProfile.swift */; };
		21EAEA8127684921004FC1D7 /* Phase1App.swift in Sources */ = {isa = PBXBuildFile; fileRef = 21EAEA712768491B004FC1D7 /* Phase1App.swift */; };
		21EAEA8227684921004FC1D7 /* Phase1App.swift in Sources */ = {isa = PBXBuildFile; fileRef = 21EAEA712768491B004FC1D7 /* Phase1App.swift */; };
		21EAEA8327684921004FC1D7 /* ContentView.swift in Sources */ = {isa = PBXBuildFile; fileRef = 21EAEA722768491B004FC1D7 /* ContentView.swift */; };
		21EAEA8427684921004FC1D7 /* ContentView.swift in Sources */ = {isa = PBXBuildFile; fileRef = 21EAEA722768491B004FC1D7 /* ContentView.swift */; };
		21EAEA8527684921004FC1D7 /* Assets.xcassets in Resources */ = {isa = PBXBuildFile; fileRef = 21EAEA7327684921004FC1D7 /* Assets.xcassets */; };
		21EAEA8627684921004FC1D7 /* Assets.xcassets in Resources */ = {isa = PBXBuildFile; fileRef = 21EAEA7327684921004FC1D7 /* Assets.xcassets */; };
		21EAEA9027686BE9004FC1D7 /* Extension.swift in Sources */ = {isa = PBXBuildFile; fileRef = 21EAEA8F27686BE9004FC1D7 /* Extension.swift */; };
		21EAEA9127686BE9004FC1D7 /* Extension.swift in Sources */ = {isa = PBXBuildFile; fileRef = 21EAEA8F27686BE9004FC1D7 /* Extension.swift */; };
/* End PBXBuildFile section */

/* Begin PBXFileReference section */
		21304D8927687232008F3F9F /* MenuBar.swift */ = {isa = PBXFileReference; lastKnownFileType = sourcecode.swift; path = MenuBar.swift; sourceTree = "<group>"; };
		21304D8C27687A5B008F3F9F /* Frame1605.swift */ = {isa = PBXFileReference; lastKnownFileType = sourcecode.swift; path = Frame1605.swift; sourceTree = "<group>"; };
		21304D8F27688304008F3F9F /* Tertiary.swift */ = {isa = PBXFileReference; lastKnownFileType = sourcecode.swift; path = Tertiary.swift; sourceTree = "<group>"; };
		21304D9227689776008F3F9F /* Community.swift */ = {isa = PBXFileReference; lastKnownFileType = sourcecode.swift; path = Community.swift; sourceTree = "<group>"; };
		2167989B276ADAED00C41BAA /* CheckboxContent.swift */ = {isa = PBXFileReference; lastKnownFileType = sourcecode.swift; path = CheckboxContent.swift; sourceTree = "<group>"; };
		2167989E276AECD700C41BAA /* SelectImage.swift */ = {isa = PBXFileReference; lastKnownFileType = sourcecode.swift; path = SelectImage.swift; sourceTree = "<group>"; };
		216798A1276AFF1B00C41BAA /* CheckBox.swift */ = {isa = PBXFileReference; lastKnownFileType = sourcecode.swift; path = CheckBox.swift; sourceTree = "<group>"; };
		2169008C27701CB500A42588 /* Ideas.swift */ = {isa = PBXFileReference; lastKnownFileType = sourcecode.swift; path = Ideas.swift; sourceTree = "<group>"; };
		2169009227701CF900A42588 /* ViewModel.swift */ = {isa = PBXFileReference; lastKnownFileType = sourcecode.swift; path = ViewModel.swift; sourceTree = "<group>"; };
		2169009527701F8C00A42588 /* MenuBarIdeas.swift */ = {isa = PBXFileReference; lastKnownFileType = sourcecode.swift; path = MenuBarIdeas.swift; sourceTree = "<group>"; };
		216900982770218000A42588 /* CommunityIdeas.swift */ = {isa = PBXFileReference; lastKnownFileType = sourcecode.swift; path = CommunityIdeas.swift; sourceTree = "<group>"; };
		2169009C27702FB300A42588 /* View+Extension.swift */ = {isa = PBXFileReference; lastKnownFileType = sourcecode.swift; path = "View+Extension.swift"; sourceTree = "<group>"; };
		2169009F27703DC300A42588 /* CardStock.swift */ = {isa = PBXFileReference; lastKnownFileType = sourcecode.swift; path = CardStock.swift; sourceTree = "<group>"; };
		216AFA44276C79F9008FF46D /* IdeasCommunity.swift */ = {isa = PBXFileReference; lastKnownFileType = sourcecode.swift; path = IdeasCommunity.swift; sourceTree = "<group>"; };
		216AFA47276C7DD8008FF46D /* CardViewIdeas.swift */ = {isa = PBXFileReference; lastKnownFileType = sourcecode.swift; path = CardViewIdeas.swift; sourceTree = "<group>"; };
		216AFA4A276C9AC6008FF46D /* CardIndex.swift */ = {isa = PBXFileReference; lastKnownFileType = sourcecode.swift; path = CardIndex.swift; sourceTree = "<group>"; };
		217A3611276983D800B1A5AF /* ActicleContent.swift */ = {isa = PBXFileReference; lastKnownFileType = sourcecode.swift; path = ActicleContent.swift; sourceTree = "<group>"; };
		217A36142769A98A00B1A5AF /* ContentView2.swift */ = {isa = PBXFileReference; lastKnownFileType = sourcecode.swift; path = ContentView2.swift; sourceTree = "<group>"; };
		217A36172769C43600B1A5AF /* CommunityProfile.swift */ = {isa = PBXFileReference; lastKnownFileType = sourcecode.swift; path = CommunityProfile.swift; sourceTree = "<group>"; };
		21EAEA712768491B004FC1D7 /* Phase1App.swift */ = {isa = PBXFileReference; lastKnownFileType = sourcecode.swift; path = Phase1App.swift; sourceTree = "<group>"; };
		21EAEA722768491B004FC1D7 /* ContentView.swift */ = {isa = PBXFileReference; lastKnownFileType = sourcecode.swift; path = ContentView.swift; sourceTree = "<group>"; };
		21EAEA7327684921004FC1D7 /* Assets.xcassets */ = {isa = PBXFileReference; lastKnownFileType = folder.assetcatalog; path = Assets.xcassets; sourceTree = "<group>"; };
		21EAEA7827684921004FC1D7 /* Phase1.app */ = {isa = PBXFileReference; explicitFileType = wrapper.application; includeInIndex = 0; path = Phase1.app; sourceTree = BUILT_PRODUCTS_DIR; };
		21EAEA7E27684921004FC1D7 /* Phase1.app */ = {isa = PBXFileReference; explicitFileType = wrapper.application; includeInIndex = 0; path = Phase1.app; sourceTree = BUILT_PRODUCTS_DIR; };
		21EAEA8027684921004FC1D7 /* macOS.entitlements */ = {isa = PBXFileReference; lastKnownFileType = text.plist.entitlements; path = macOS.entitlements; sourceTree = "<group>"; };
		21EAEA8F27686BE9004FC1D7 /* Extension.swift */ = {isa = PBXFileReference; lastKnownFileType = sourcecode.swift; path = Extension.swift; sourceTree = "<group>"; };
/* End PBXFileReference section */

/* Begin PBXFrameworksBuildPhase section */
		21EAEA7527684921004FC1D7 /* Frameworks */ = {
			isa = PBXFrameworksBuildPhase;
			buildActionMask = 2147483647;
			files = (
			);
			runOnlyForDeploymentPostprocessing = 0;
		};
		21EAEA7B27684921004FC1D7 /* Frameworks */ = {
			isa = PBXFrameworksBuildPhase;
			buildActionMask = 2147483647;
			files = (
			);
			runOnlyForDeploymentPostprocessing = 0;
		};
/* End PBXFrameworksBuildPhase section */

/* Begin PBXGroup section */
		2169009B27702F9E00A42588 /* Extension */ = {
			isa = PBXGroup;
			children = (
				21EAEA8F27686BE9004FC1D7 /* Extension.swift */,
				2169009C27702FB300A42588 /* View+Extension.swift */,
			);
			path = Extension;
			sourceTree = "<group>";
		};
		21EAEA6B2768491B004FC1D7 = {
			isa = PBXGroup;
			children = (
				2169009B27702F9E00A42588 /* Extension */,
				21EAEA702768491B004FC1D7 /* Shared */,
				21EAEA7F27684921004FC1D7 /* macOS */,
				21EAEA7927684921004FC1D7 /* Products */,
			);
			sourceTree = "<group>";
		};
		21EAEA702768491B004FC1D7 /* Shared */ = {
			isa = PBXGroup;
			children = (
				21EAEA712768491B004FC1D7 /* Phase1App.swift */,
				21EAEA722768491B004FC1D7 /* ContentView.swift */,
				21EAEA7327684921004FC1D7 /* Assets.xcassets */,
				21304D8927687232008F3F9F /* MenuBar.swift */,
				21304D8C27687A5B008F3F9F /* Frame1605.swift */,
				21304D8F27688304008F3F9F /* Tertiary.swift */,
				21304D9227689776008F3F9F /* Community.swift */,
				217A3611276983D800B1A5AF /* ActicleContent.swift */,
				217A36142769A98A00B1A5AF /* ContentView2.swift */,
				217A36172769C43600B1A5AF /* CommunityProfile.swift */,
				2167989B276ADAED00C41BAA /* CheckboxContent.swift */,
				2167989E276AECD700C41BAA /* SelectImage.swift */,
				216798A1276AFF1B00C41BAA /* CheckBox.swift */,
				216AFA44276C79F9008FF46D /* IdeasCommunity.swift */,
				216AFA47276C7DD8008FF46D /* CardViewIdeas.swift */,
				216AFA4A276C9AC6008FF46D /* CardIndex.swift */,
				2169008C27701CB500A42588 /* Ideas.swift */,
				2169009227701CF900A42588 /* ViewModel.swift */,
				2169009527701F8C00A42588 /* MenuBarIdeas.swift */,
				216900982770218000A42588 /* CommunityIdeas.swift */,
				2169009F27703DC300A42588 /* CardStock.swift */,
			);
			path = Shared;
			sourceTree = "<group>";
		};
		21EAEA7927684921004FC1D7 /* Products */ = {
			isa = PBXGroup;
			children = (
				21EAEA7827684921004FC1D7 /* Phase1.app */,
				21EAEA7E27684921004FC1D7 /* Phase1.app */,
			);
			name = Products;
			sourceTree = "<group>";
		};
		21EAEA7F27684921004FC1D7 /* macOS */ = {
			isa = PBXGroup;
			children = (
				21EAEA8027684921004FC1D7 /* macOS.entitlements */,
			);
			path = macOS;
			sourceTree = "<group>";
		};
/* End PBXGroup section */

/* Begin PBXNativeTarget section */
		21EAEA7727684921004FC1D7 /* Phase1 (iOS) */ = {
			isa = PBXNativeTarget;
			buildConfigurationList = 21EAEA8927684921004FC1D7 /* Build configuration list for PBXNativeTarget "Phase1 (iOS)" */;
			buildPhases = (
				21EAEA7427684921004FC1D7 /* Sources */,
				21EAEA7527684921004FC1D7 /* Frameworks */,
				21EAEA7627684921004FC1D7 /* Resources */,
			);
			buildRules = (
			);
			dependencies = (
			);
			name = "Phase1 (iOS)";
			productName = "Phase1 (iOS)";
			productReference = 21EAEA7827684921004FC1D7 /* Phase1.app */;
			productType = "com.apple.product-type.application";
		};
		21EAEA7D27684921004FC1D7 /* Phase1 (macOS) */ = {
			isa = PBXNativeTarget;
			buildConfigurationList = 21EAEA8C27684921004FC1D7 /* Build configuration list for PBXNativeTarget "Phase1 (macOS)" */;
			buildPhases = (
				21EAEA7A27684921004FC1D7 /* Sources */,
				21EAEA7B27684921004FC1D7 /* Frameworks */,
				21EAEA7C27684921004FC1D7 /* Resources */,
			);
			buildRules = (
			);
			dependencies = (
			);
			name = "Phase1 (macOS)";
			productName = "Phase1 (macOS)";
			productReference = 21EAEA7E27684921004FC1D7 /* Phase1.app */;
			productType = "com.apple.product-type.application";
		};
/* End PBXNativeTarget section */

/* Begin PBXProject section */
		21EAEA6C2768491B004FC1D7 /* Project object */ = {
			isa = PBXProject;
			attributes = {
				BuildIndependentTargetsInParallel = 1;
				LastSwiftUpdateCheck = 1310;
				LastUpgradeCheck = 1310;
				TargetAttributes = {
					21EAEA7727684921004FC1D7 = {
						CreatedOnToolsVersion = 13.1;
					};
					21EAEA7D27684921004FC1D7 = {
						CreatedOnToolsVersion = 13.1;
					};
				};
			};
			buildConfigurationList = 21EAEA6F2768491B004FC1D7 /* Build configuration list for PBXProject "Phase1" */;
			compatibilityVersion = "Xcode 13.0";
			developmentRegion = en;
			hasScannedForEncodings = 0;
			knownRegions = (
				en,
				Base,
			);
			mainGroup = 21EAEA6B2768491B004FC1D7;
			productRefGroup = 21EAEA7927684921004FC1D7 /* Products */;
			projectDirPath = "";
			projectRoot = "";
			targets = (
				21EAEA7727684921004FC1D7 /* Phase1 (iOS) */,
				21EAEA7D27684921004FC1D7 /* Phase1 (macOS) */,
			);
		};
/* End PBXProject section */

/* Begin PBXResourcesBuildPhase section */
		21EAEA7627684921004FC1D7 /* Resources */ = {
			isa = PBXResourcesBuildPhase;
			buildActionMask = 2147483647;
			files = (
				21EAEA8527684921004FC1D7 /* Assets.xcassets in Resources */,
			);
			runOnlyForDeploymentPostprocessing = 0;
		};
		21EAEA7C27684921004FC1D7 /* Resources */ = {
			isa = PBXResourcesBuildPhase;
			buildActionMask = 2147483647;
			files = (
				21EAEA8627684921004FC1D7 /* Assets.xcassets in Resources */,
			);
			runOnlyForDeploymentPostprocessing = 0;
		};
/* End PBXResourcesBuildPhase section */

/* Begin PBXSourcesBuildPhase section */
		21EAEA7427684921004FC1D7 /* Sources */ = {
			isa = PBXSourcesBuildPhase;
			buildActionMask = 2147483647;
			files = (
				216AFA45276C79F9008FF46D /* IdeasCommunity.swift in Sources */,
				21EAEA9027686BE9004FC1D7 /* Extension.swift in Sources */,
				216900992770218000A42588 /* CommunityIdeas.swift in Sources */,
				217A36182769C43600B1A5AF /* CommunityProfile.swift in Sources */,
				21EAEA8327684921004FC1D7 /* ContentView.swift in Sources */,
				21304D8D27687A5B008F3F9F /* Frame1605.swift in Sources */,
				216900A027703DC300A42588 /* CardStock.swift in Sources */,
				21304D9027688304008F3F9F /* Tertiary.swift in Sources */,
				21304D8A27687232008F3F9F /* MenuBar.swift in Sources */,
				21304D9327689777008F3F9F /* Community.swift in Sources */,
				2167989F276AECD700C41BAA /* SelectImage.swift in Sources */,
				217A36152769A98A00B1A5AF /* ContentView2.swift in Sources */,
				2169009327701CF900A42588 /* ViewModel.swift in Sources */,
				216AFA48276C7DD8008FF46D /* CardViewIdeas.swift in Sources */,
				2169009627701F8C00A42588 /* MenuBarIdeas.swift in Sources */,
				2167989C276ADAED00C41BAA /* CheckboxContent.swift in Sources */,
				216AFA4B276C9AC6008FF46D /* CardIndex.swift in Sources */,
				21EAEA8127684921004FC1D7 /* Phase1App.swift in Sources */,
				2169008D27701CB500A42588 /* Ideas.swift in Sources */,
				216798A2276AFF1B00C41BAA /* CheckBox.swift in Sources */,
				2169009D27702FB300A42588 /* View+Extension.swift in Sources */,
				217A3612276983D800B1A5AF /* ActicleContent.swift in Sources */,
			);
			runOnlyForDeploymentPostprocessing = 0;
		};
		21EAEA7A27684921004FC1D7 /* Sources */ = {
			isa = PBXSourcesBuildPhase;
			buildActionMask = 2147483647;
			files = (
				216AFA46276C79F9008FF46D /* IdeasCommunity.swift in Sources */,
				21EAEA9127686BE9004FC1D7 /* Extension.swift in Sources */,
				2169009A2770218000A42588 /* CommunityIdeas.swift in Sources */,
				217A36192769C43600B1A5AF /* CommunityProfile.swift in Sources */,
				21EAEA8427684921004FC1D7 /* ContentView.swift in Sources */,
				21304D8E27687A5B008F3F9F /* Frame1605.swift in Sources */,
				216900A127703DC300A42588 /* CardStock.swift in Sources */,
				21304D9127688304008F3F9F /* Tertiary.swift in Sources */,
				21304D8B27687232008F3F9F /* MenuBar.swift in Sources */,
				21304D9427689777008F3F9F /* Community.swift in Sources */,
				216798A0276AECD700C41BAA /* SelectImage.swift in Sources */,
				217A36162769A98A00B1A5AF /* ContentView2.swift in Sources */,
				2169009427701CF900A42588 /* ViewModel.swift in Sources */,
				216AFA49276C7DD8008FF46D /* CardViewIdeas.swift in Sources */,
				2169009727701F8C00A42588 /* MenuBarIdeas.swift in Sources */,
				2167989D276ADAED00C41BAA /* CheckboxContent.swift in Sources */,
				216AFA4C276C9AC6008FF46D /* CardIndex.swift in Sources */,
				21EAEA8227684921004FC1D7 /* Phase1App.swift in Sources */,
				2169008E27701CB500A42588 /* Ideas.swift in Sources */,
				216798A3276AFF1B00C41BAA /* CheckBox.swift in Sources */,
				2169009E27702FB300A42588 /* View+Extension.swift in Sources */,
				217A3613276983D800B1A5AF /* ActicleContent.swift in Sources */,
			);
			runOnlyForDeploymentPostprocessing = 0;
		};
/* End PBXSourcesBuildPhase section */

/* Begin XCBuildConfiguration section */
		21EAEA8727684921004FC1D7 /* Debug */ = {
			isa = XCBuildConfiguration;
			buildSettings = {
				ALWAYS_SEARCH_USER_PATHS = NO;
				CLANG_ANALYZER_NONNULL = YES;
				CLANG_ANALYZER_NUMBER_OBJECT_CONVERSION = YES_AGGRESSIVE;
				CLANG_CXX_LANGUAGE_STANDARD = "gnu++17";
				CLANG_CXX_LIBRARY = "libc++";
				CLANG_ENABLE_MODULES = YES;
				CLANG_ENABLE_OBJC_ARC = YES;
				CLANG_ENABLE_OBJC_WEAK = YES;
				CLANG_WARN_BLOCK_CAPTURE_AUTORELEASING = YES;
				CLANG_WARN_BOOL_CONVERSION = YES;
				CLANG_WARN_COMMA = YES;
				CLANG_WARN_CONSTANT_CONVERSION = YES;
				CLANG_WARN_DEPRECATED_OBJC_IMPLEMENTATIONS = YES;
				CLANG_WARN_DIRECT_OBJC_ISA_USAGE = YES_ERROR;
				CLANG_WARN_DOCUMENTATION_COMMENTS = YES;
				CLANG_WARN_EMPTY_BODY = YES;
				CLANG_WARN_ENUM_CONVERSION = YES;
				CLANG_WARN_INFINITE_RECURSION = YES;
				CLANG_WARN_INT_CONVERSION = YES;
				CLANG_WARN_NON_LITERAL_NULL_CONVERSION = YES;
				CLANG_WARN_OBJC_IMPLICIT_RETAIN_SELF = YES;
				CLANG_WARN_OBJC_LITERAL_CONVERSION = YES;
				CLANG_WARN_OBJC_ROOT_CLASS = YES_ERROR;
				CLANG_WARN_QUOTED_INCLUDE_IN_FRAMEWORK_HEADER = YES;
				CLANG_WARN_RANGE_LOOP_ANALYSIS = YES;
				CLANG_WARN_STRICT_PROTOTYPES = YES;
				CLANG_WARN_SUSPICIOUS_MOVE = YES;
				CLANG_WARN_UNGUARDED_AVAILABILITY = YES_AGGRESSIVE;
				CLANG_WARN_UNREACHABLE_CODE = YES;
				CLANG_WARN__DUPLICATE_METHOD_MATCH = YES;
				COPY_PHASE_STRIP = NO;
				DEBUG_INFORMATION_FORMAT = dwarf;
				ENABLE_STRICT_OBJC_MSGSEND = YES;
				ENABLE_TESTABILITY = YES;
				GCC_C_LANGUAGE_STANDARD = gnu11;
				GCC_DYNAMIC_NO_PIC = NO;
				GCC_NO_COMMON_BLOCKS = YES;
				GCC_OPTIMIZATION_LEVEL = 0;
				GCC_PREPROCESSOR_DEFINITIONS = (
					"DEBUG=1",
					"$(inherited)",
				);
				GCC_WARN_64_TO_32_BIT_CONVERSION = YES;
				GCC_WARN_ABOUT_RETURN_TYPE = YES_ERROR;
				GCC_WARN_UNDECLARED_SELECTOR = YES;
				GCC_WARN_UNINITIALIZED_AUTOS = YES_AGGRESSIVE;
				GCC_WARN_UNUSED_FUNCTION = YES;
				GCC_WARN_UNUSED_VARIABLE = YES;
				MTL_ENABLE_DEBUG_INFO = INCLUDE_SOURCE;
				MTL_FAST_MATH = YES;
				ONLY_ACTIVE_ARCH = YES;
				SWIFT_ACTIVE_COMPILATION_CONDITIONS = DEBUG;
				SWIFT_OPTIMIZATION_LEVEL = "-Onone";
			};
			name = Debug;
		};
		21EAEA8827684921004FC1D7 /* Release */ = {
			isa = XCBuildConfiguration;
			buildSettings = {
				ALWAYS_SEARCH_USER_PATHS = NO;
				CLANG_ANALYZER_NONNULL = YES;
				CLANG_ANALYZER_NUMBER_OBJECT_CONVERSION = YES_AGGRESSIVE;
				CLANG_CXX_LANGUAGE_STANDARD = "gnu++17";
				CLANG_CXX_LIBRARY = "libc++";
				CLANG_ENABLE_MODULES = YES;
				CLANG_ENABLE_OBJC_ARC = YES;
				CLANG_ENABLE_OBJC_WEAK = YES;
				CLANG_WARN_BLOCK_CAPTURE_AUTORELEASING = YES;
				CLANG_WARN_BOOL_CONVERSION = YES;
				CLANG_WARN_COMMA = YES;
				CLANG_WARN_CONSTANT_CONVERSION = YES;
				CLANG_WARN_DEPRECATED_OBJC_IMPLEMENTATIONS = YES;
				CLANG_WARN_DIRECT_OBJC_ISA_USAGE = YES_ERROR;
				CLANG_WARN_DOCUMENTATION_COMMENTS = YES;
				CLANG_WARN_EMPTY_BODY = YES;
				CLANG_WARN_ENUM_CONVERSION = YES;
				CLANG_WARN_INFINITE_RECURSION = YES;
				CLANG_WARN_INT_CONVERSION = YES;
				CLANG_WARN_NON_LITERAL_NULL_CONVERSION = YES;
				CLANG_WARN_OBJC_IMPLICIT_RETAIN_SELF = YES;
				CLANG_WARN_OBJC_LITERAL_CONVERSION = YES;
				CLANG_WARN_OBJC_ROOT_CLASS = YES_ERROR;
				CLANG_WARN_QUOTED_INCLUDE_IN_FRAMEWORK_HEADER = YES;
				CLANG_WARN_RANGE_LOOP_ANALYSIS = YES;
				CLANG_WARN_STRICT_PROTOTYPES = YES;
				CLANG_WARN_SUSPICIOUS_MOVE = YES;
				CLANG_WARN_UNGUARDED_AVAILABILITY = YES_AGGRESSIVE;
				CLANG_WARN_UNREACHABLE_CODE = YES;
				CLANG_WARN__DUPLICATE_METHOD_MATCH = YES;
				COPY_PHASE_STRIP = NO;
				DEBUG_INFORMATION_FORMAT = "dwarf-with-dsym";
				ENABLE_NS_ASSERTIONS = NO;
				ENABLE_STRICT_OBJC_MSGSEND = YES;
				GCC_C_LANGUAGE_STANDARD = gnu11;
				GCC_NO_COMMON_BLOCKS = YES;
				GCC_WARN_64_TO_32_BIT_CONVERSION = YES;
				GCC_WARN_ABOUT_RETURN_TYPE = YES_ERROR;
				GCC_WARN_UNDECLARED_SELECTOR = YES;
				GCC_WARN_UNINITIALIZED_AUTOS = YES_AGGRESSIVE;
				GCC_WARN_UNUSED_FUNCTION = YES;
				GCC_WARN_UNUSED_VARIABLE = YES;
				MTL_ENABLE_DEBUG_INFO = NO;
				MTL_FAST_MATH = YES;
				SWIFT_COMPILATION_MODE = wholemodule;
				SWIFT_OPTIMIZATION_LEVEL = "-O";
			};
			name = Release;
		};
		21EAEA8A27684921004FC1D7 /* Debug */ = {
			isa = XCBuildConfiguration;
			buildSettings = {
				ASSETCATALOG_COMPILER_APPICON_NAME = AppIcon;
				ASSETCATALOG_COMPILER_GLOBAL_ACCENT_COLOR_NAME = AccentColor;
				CODE_SIGN_STYLE = Automatic;
				CURRENT_PROJECT_VERSION = 1;
				ENABLE_PREVIEWS = YES;
				GENERATE_INFOPLIST_FILE = YES;
				INFOPLIST_KEY_UIApplicationSceneManifest_Generation = YES;
				INFOPLIST_KEY_UIApplicationSupportsIndirectInputEvents = YES;
				INFOPLIST_KEY_UILaunchScreen_Generation = YES;
				INFOPLIST_KEY_UISupportedInterfaceOrientations_iPad = "UIInterfaceOrientationPortrait UIInterfaceOrientationPortraitUpsideDown UIInterfaceOrientationLandscapeLeft UIInterfaceOrientationLandscapeRight";
				INFOPLIST_KEY_UISupportedInterfaceOrientations_iPhone = "UIInterfaceOrientationPortrait UIInterfaceOrientationLandscapeLeft UIInterfaceOrientationLandscapeRight";
				IPHONEOS_DEPLOYMENT_TARGET = 15.0;
				LD_RUNPATH_SEARCH_PATHS = (
					"$(inherited)",
					"@executable_path/Frameworks",
				);
				MARKETING_VERSION = 1.0;
				PRODUCT_BUNDLE_IDENTIFIER = TDTLhchien.Phase1;
				PRODUCT_NAME = Phase1;
				SDKROOT = iphoneos;
				SWIFT_EMIT_LOC_STRINGS = YES;
				SWIFT_VERSION = 5.0;
				TARGETED_DEVICE_FAMILY = "1,2";
			};
			name = Debug;
		};
		21EAEA8B27684921004FC1D7 /* Release */ = {
			isa = XCBuildConfiguration;
			buildSettings = {
				ASSETCATALOG_COMPILER_APPICON_NAME = AppIcon;
				ASSETCATALOG_COMPILER_GLOBAL_ACCENT_COLOR_NAME = AccentColor;
				CODE_SIGN_STYLE = Automatic;
				CURRENT_PROJECT_VERSION = 1;
				ENABLE_PREVIEWS = YES;
				GENERATE_INFOPLIST_FILE = YES;
				INFOPLIST_KEY_UIApplicationSceneManifest_Generation = YES;
				INFOPLIST_KEY_UIApplicationSupportsIndirectInputEvents = YES;
				INFOPLIST_KEY_UILaunchScreen_Generation = YES;
				INFOPLIST_KEY_UISupportedInterfaceOrientations_iPad = "UIInterfaceOrientationPortrait UIInterfaceOrientationPortraitUpsideDown UIInterfaceOrientationLandscapeLeft UIInterfaceOrientationLandscapeRight";
				INFOPLIST_KEY_UISupportedInterfaceOrientations_iPhone = "UIInterfaceOrientationPortrait UIInterfaceOrientationLandscapeLeft UIInterfaceOrientationLandscapeRight";
				IPHONEOS_DEPLOYMENT_TARGET = 15.0;
				LD_RUNPATH_SEARCH_PATHS = (
					"$(inherited)",
					"@executable_path/Frameworks",
				);
				MARKETING_VERSION = 1.0;
				PRODUCT_BUNDLE_IDENTIFIER = TDTLhchien.Phase1;
				PRODUCT_NAME = Phase1;
				SDKROOT = iphoneos;
				SWIFT_EMIT_LOC_STRINGS = YES;
				SWIFT_VERSION = 5.0;
				TARGETED_DEVICE_FAMILY = "1,2";
				VALIDATE_PRODUCT = YES;
			};
			name = Release;
		};
		21EAEA8D27684921004FC1D7 /* Debug */ = {
			isa = XCBuildConfiguration;
			buildSettings = {
				ASSETCATALOG_COMPILER_APPICON_NAME = AppIcon;
				ASSETCATALOG_COMPILER_GLOBAL_ACCENT_COLOR_NAME = AccentColor;
				CODE_SIGN_ENTITLEMENTS = macOS/macOS.entitlements;
				CODE_SIGN_STYLE = Automatic;
				COMBINE_HIDPI_IMAGES = YES;
				CURRENT_PROJECT_VERSION = 1;
				ENABLE_PREVIEWS = YES;
				GENERATE_INFOPLIST_FILE = YES;
				INFOPLIST_KEY_NSHumanReadableCopyright = "";
				LD_RUNPATH_SEARCH_PATHS = (
					"$(inherited)",
					"@executable_path/../Frameworks",
				);
				MACOSX_DEPLOYMENT_TARGET = 11.5;
				MARKETING_VERSION = 1.0;
				PRODUCT_BUNDLE_IDENTIFIER = TDTLhchien.Phase1;
				PRODUCT_NAME = Phase1;
				SDKROOT = macosx;
				SWIFT_EMIT_LOC_STRINGS = YES;
				SWIFT_VERSION = 5.0;
			};
			name = Debug;
		};
		21EAEA8E27684921004FC1D7 /* Release */ = {
			isa = XCBuildConfiguration;
			buildSettings = {
				ASSETCATALOG_COMPILER_APPICON_NAME = AppIcon;
				ASSETCATALOG_COMPILER_GLOBAL_ACCENT_COLOR_NAME = AccentColor;
				CODE_SIGN_ENTITLEMENTS = macOS/macOS.entitlements;
				CODE_SIGN_STYLE = Automatic;
				COMBINE_HIDPI_IMAGES = YES;
				CURRENT_PROJECT_VERSION = 1;
				ENABLE_PREVIEWS = YES;
				GENERATE_INFOPLIST_FILE = YES;
				INFOPLIST_KEY_NSHumanReadableCopyright = "";
				LD_RUNPATH_SEARCH_PATHS = (
					"$(inherited)",
					"@executable_path/../Frameworks",
				);
				MACOSX_DEPLOYMENT_TARGET = 11.5;
				MARKETING_VERSION = 1.0;
				PRODUCT_BUNDLE_IDENTIFIER = TDTLhchien.Phase1;
				PRODUCT_NAME = Phase1;
				SDKROOT = macosx;
				SWIFT_EMIT_LOC_STRINGS = YES;
				SWIFT_VERSION = 5.0;
			};
			name = Release;
		};
/* End XCBuildConfiguration section */

/* Begin XCConfigurationList section */
		21EAEA6F2768491B004FC1D7 /* Build configuration list for PBXProject "Phase1" */ = {
			isa = XCConfigurationList;
			buildConfigurations = (
				21EAEA8727684921004FC1D7 /* Debug */,
				21EAEA8827684921004FC1D7 /* Release */,
			);
			defaultConfigurationIsVisible = 0;
			defaultConfigurationName = Release;
		};
		21EAEA8927684921004FC1D7 /* Build configuration list for PBXNativeTarget "Phase1 (iOS)" */ = {
			isa = XCConfigurationList;
			buildConfigurations = (
				21EAEA8A27684921004FC1D7 /* Debug */,
				21EAEA8B27684921004FC1D7 /* Release */,
			);
			defaultConfigurationIsVisible = 0;
			defaultConfigurationName = Release;
		};
		21EAEA8C27684921004FC1D7 /* Build configuration list for PBXNativeTarget "Phase1 (macOS)" */ = {
			isa = XCConfigurationList;
			buildConfigurations = (
				21EAEA8D27684921004FC1D7 /* Debug */,
				21EAEA8E27684921004FC1D7 /* Release */,
			);
			defaultConfigurationIsVisible = 0;
			defaultConfigurationName = Release;
		};
/* End XCConfigurationList section */
	};
	rootObject = 21EAEA6C2768491B004FC1D7 /* Project object */;
}
